
Microsoft Visual Studio Solution File, Format Version 12.00
# Visual Studio Version 17
VisualStudioVersion = 17.14.36518.9 d17.14
MinimumVisualStudioVersion = 10.0.40219.1
Project("{FAE04EC0-301F-11D3-BF4B-00C04F79EFBC}") = "PRG2_MAUI_MVVM_Binding", "PRG2_MAUI_MVVM_Binding\PRG2_MAUI_MVVM_Binding.csproj", "{986B35DA-D63D-40C9-90A1-0374EBF1CB0A}"
EndProject
Global
	GlobalSection(SolutionConfigurationPlatforms) = preSolution
		Debug|Any CPU = Debug|Any CPU
		Release|Any CPU = Release|Any CPU
	EndGlobalSection
	GlobalSection(ProjectConfigurationPlatforms) = postSolution
		{986B35DA-D63D-40C9-90A1-0374EBF1CB0A}.Debug|Any CPU.ActiveCfg = Debug|Any CPU
		{986B35DA-D63D-40C9-90A1-0374EBF1CB0A}.Debug|Any CPU.Build.0 = Debug|Any CPU
		{986B35DA-D63D-40C9-90A1-0374EBF1CB0A}.Release|Any CPU.ActiveCfg = Release|Any CPU
		{986B35DA-D63D-40C9-90A1-0374EBF1CB0A}.Release|Any CPU.Build.0 = Release|Any CPU
	EndGlobalSection
	GlobalSection(SolutionProperties) = preSolution
		HideSolutionNode = FALSE
	EndGlobalSection
	GlobalSection(ExtensibilityGlobals) = postSolution
		SolutionGuid = {15F08BAC-8664-428D-87EC-CD7CA333E97D}
	EndGlobalSection
EndGlobal
